
Microsoft Visual Studio Solution File, Format Version 12.00
# Visual Studio Version 17
VisualStudioVersion = 17.6.33829.357
MinimumVisualStudioVersion = 10.0.40219.1
Project("{FAE04EC0-301F-11D3-BF4B-00C04F79EFBC}") = "PATDemo", "PATDemo\PATDemo.csproj", "{0502E856-AC51-4B25-953B-4DC178897F26}"
EndProject
Global
	GlobalSection(SolutionConfigurationPlatforms) = preSolution
		Debug|Any CPU = Debug|Any CPU
		Release|Any CPU = Release|Any CPU
	EndGlobalSection
	GlobalSection(ProjectConfigurationPlatforms) = postSolution
		{0502E856-AC51-4B25-953B-4DC178897F26}.Debug|Any CPU.ActiveCfg = Debug|Any CPU
		{0502E856-AC51-4B25-953B-4DC178897F26}.Debug|Any CPU.Build.0 = Debug|Any CPU
		{0502E856-AC51-4B25-953B-4DC178897F26}.Release|Any CPU.ActiveCfg = Release|Any CPU
		{0502E856-AC51-4B25-953B-4DC178897F26}.Release|Any CPU.Build.0 = Release|Any CPU
	EndGlobalSection
	GlobalSection(SolutionProperties) = preSolution
		HideSolutionNode = FALSE
	EndGlobalSection
	GlobalSection(ExtensibilityGlobals) = postSolution
		SolutionGuid = {3DFC7D0B-E43B-47AB-A4E9-84EF0AFE3B29}
	EndGlobalSection
EndGlobal
